// !$*UTF8*$!
{
	archiveVersion = 1;
	classes = {
	};
	objectVersion = 56;
	objects = {

/* Begin PBXBuildFile section */
		3A02C7292A840AAD00A7FF21 /* User.swift in Sources */ = {isa = PBXBuildFile; fileRef = 3A02C7282A840AAD00A7FF21 /* User.swift */; };
		3A0C13862A82BD3500DB6EA8 /* PersonalViewController.swift in Sources */ = {isa = PBXBuildFile; fileRef = 3A0C13852A82BD3500DB6EA8 /* PersonalViewController.swift */; };
		3A0C13882A82BD5500DB6EA8 /* PhotoViewController.swift in Sources */ = {isa = PBXBuildFile; fileRef = 3A0C13872A82BD5500DB6EA8 /* PhotoViewController.swift */; };
		3A941BCA2A7E24C800ED9823 /* AppDelegate.swift in Sources */ = {isa = PBXBuildFile; fileRef = 3A941BC92A7E24C800ED9823 /* AppDelegate.swift */; };
		3A941BCC2A7E24C800ED9823 /* SceneDelegate.swift in Sources */ = {isa = PBXBuildFile; fileRef = 3A941BCB2A7E24C800ED9823 /* SceneDelegate.swift */; };
		3A941BCE2A7E24C800ED9823 /* LoginViewController.swift in Sources */ = {isa = PBXBuildFile; fileRef = 3A941BCD2A7E24C800ED9823 /* LoginViewController.swift */; };
		3A941BD12A7E24C800ED9823 /* Main.storyboard in Resources */ = {isa = PBXBuildFile; fileRef = 3A941BCF2A7E24C800ED9823 /* Main.storyboard */; };
		3A941BD42A7E24C800ED9823 /* Login.xcdatamodeld in Sources */ = {isa = PBXBuildFile; fileRef = 3A941BD22A7E24C800ED9823 /* Login.xcdatamodeld */; };
		3A941BD62A7E24CA00ED9823 /* Assets.xcassets in Resources */ = {isa = PBXBuildFile; fileRef = 3A941BD52A7E24CA00ED9823 /* Assets.xcassets */; };
		3A941BD92A7E24CA00ED9823 /* LaunchScreen.storyboard in Resources */ = {isa = PBXBuildFile; fileRef = 3A941BD72A7E24CA00ED9823 /* LaunchScreen.storyboard */; };
		3A941BE12A7E2A2F00ED9823 /* WelcomeViewController.swift in Sources */ = {isa = PBXBuildFile; fileRef = 3A941BE02A7E2A2F00ED9823 /* WelcomeViewController.swift */; };
/* End PBXBuildFile section */

/* Begin PBXFileReference section */
		3A02C7282A840AAD00A7FF21 /* User.swift */ = {isa = PBXFileReference; lastKnownFileType = sourcecode.swift; path = User.swift; sourceTree = "<group>"; };
		3A0C13852A82BD3500DB6EA8 /* PersonalViewController.swift */ = {isa = PBXFileReference; lastKnownFileType = sourcecode.swift; path = PersonalViewController.swift; sourceTree = "<group>"; };
		3A0C13872A82BD5500DB6EA8 /* PhotoViewController.swift */ = {isa = PBXFileReference; lastKnownFileType = sourcecode.swift; path = PhotoViewController.swift; sourceTree = "<group>"; };
		3A941BC62A7E24C800ED9823 /* Login.app */ = {isa = PBXFileReference; explicitFileType = wrapper.application; includeInIndex = 0; path = Login.app; sourceTree = BUILT_PRODUCTS_DIR; };
		3A941BC92A7E24C800ED9823 /* AppDelegate.swift */ = {isa = PBXFileReference; lastKnownFileType = sourcecode.swift; path = AppDelegate.swift; sourceTree = "<group>"; };
		3A941BCB2A7E24C800ED9823 /* SceneDelegate.swift */ = {isa = PBXFileReference; lastKnownFileType = sourcecode.swift; path = SceneDelegate.swift; sourceTree = "<group>"; };
		3A941BCD2A7E24C800ED9823 /* LoginViewController.swift */ = {isa = PBXFileReference; lastKnownFileType = sourcecode.swift; path = LoginViewController.swift; sourceTree = "<group>"; };
		3A941BD02A7E24C800ED9823 /* Base */ = {isa = PBXFileReference; lastKnownFileType = file.storyboard; name = Base; path = Base.lproj/Main.storyboard; sourceTree = "<group>"; };
		3A941BD32A7E24C800ED9823 /* Login.xcdatamodel */ = {isa = PBXFileReference; lastKnownFileType = wrapper.xcdatamodel; path = Login.xcdatamodel; sourceTree = "<group>"; };
		3A941BD52A7E24CA00ED9823 /* Assets.xcassets */ = {isa = PBXFileReference; lastKnownFileType = folder.assetcatalog; path = Assets.xcassets; sourceTree = "<group>"; };
		3A941BD82A7E24CA00ED9823 /* Base */ = {isa = PBXFileReference; lastKnownFileType = file.storyboard; name = Base; path = Base.lproj/LaunchScreen.storyboard; sourceTree = "<group>"; };
		3A941BDA2A7E24CA00ED9823 /* Info.plist */ = {isa = PBXFileReference; lastKnownFileType = text.plist.xml; path = Info.plist; sourceTree = "<group>"; };
		3A941BE02A7E2A2F00ED9823 /* WelcomeViewController.swift */ = {isa = PBXFileReference; lastKnownFileType = sourcecode.swift; path = WelcomeViewController.swift; sourceTree = "<group>"; };
/* End PBXFileReference section */

/* Begin PBXFrameworksBuildPhase section */
		3A941BC32A7E24C800ED9823 /* Frameworks */ = {
			isa = PBXFrameworksBuildPhase;
			buildActionMask = 2147483647;
			files = (
			);
			runOnlyForDeploymentPostprocessing = 0;
		};
/* End PBXFrameworksBuildPhase section */

/* Begin PBXGroup section */
		3A02C7262A840A6600A7FF21 /* Storyboards */ = {
			isa = PBXGroup;
			children = (
				3A941BCF2A7E24C800ED9823 /* Main.storyboard */,
				3A941BD72A7E24CA00ED9823 /* LaunchScreen.storyboard */,
			);
			path = Storyboards;
			sourceTree = "<group>";
		};
		3A02C7272A840A8600A7FF21 /* Model */ = {
			isa = PBXGroup;
			children = (
				3A02C7282A840AAD00A7FF21 /* User.swift */,
			);
			path = Model;
			sourceTree = "<group>";
		};
		3A0C13892A82BD6400DB6EA8 /* Controllers */ = {
			isa = PBXGroup;
			children = (
				3A941BCD2A7E24C800ED9823 /* LoginViewController.swift */,
				3A941BE02A7E2A2F00ED9823 /* WelcomeViewController.swift */,
				3A0C13852A82BD3500DB6EA8 /* PersonalViewController.swift */,
				3A0C13872A82BD5500DB6EA8 /* PhotoViewController.swift */,
			);
			path = Controllers;
			sourceTree = "<group>";
		};
		3A941BBD2A7E24C800ED9823 = {
			isa = PBXGroup;
			children = (
				3A941BC82A7E24C800ED9823 /* Login */,
				3A941BC72A7E24C800ED9823 /* Products */,
			);
			sourceTree = "<group>";
		};
		3A941BC72A7E24C800ED9823 /* Products */ = {
			isa = PBXGroup;
			children = (
				3A941BC62A7E24C800ED9823 /* Login.app */,
			);
			name = Products;
			sourceTree = "<group>";
		};
		3A941BC82A7E24C800ED9823 /* Login */ = {
			isa = PBXGroup;
			children = (
				3A941BC92A7E24C800ED9823 /* AppDelegate.swift */,
				3A941BCB2A7E24C800ED9823 /* SceneDelegate.swift */,
				3A02C7272A840A8600A7FF21 /* Model */,
				3A0C13892A82BD6400DB6EA8 /* Controllers */,
				3A941BD52A7E24CA00ED9823 /* Assets.xcassets */,
				3A02C7262A840A6600A7FF21 /* Storyboards */,
				3A941BDA2A7E24CA00ED9823 /* Info.plist */,
				3A941BD22A7E24C800ED9823 /* Login.xcdatamodeld */,
			);
			path = Login;
			sourceTree = "<group>";
		};
/* End PBXGroup section */

/* Begin PBXNativeTarget section */
		3A941BC52A7E24C800ED9823 /* Login */ = {
			isa = PBXNativeTarget;
			buildConfigurationList = 3A941BDD2A7E24CA00ED9823 /* Build configuration list for PBXNativeTarget "Login" */;
			buildPhases = (
				3A941BC22A7E24C800ED9823 /* Sources */,
				3A941BC32A7E24C800ED9823 /* Frameworks */,
				3A941BC42A7E24C800ED9823 /* Resources */,
			);
			buildRules = (
			);
			dependencies = (
			);
			name = Login;
			productName = Login;
			productReference = 3A941BC62A7E24C800ED9823 /* Login.app */;
			productType = "com.apple.product-type.application";
		};
/* End PBXNativeTarget section */

/* Begin PBXProject section */
		3A941BBE2A7E24C800ED9823 /* Project object */ = {
			isa = PBXProject;
			attributes = {
				BuildIndependentTargetsInParallel = 1;
				LastSwiftUpdateCheck = 1420;
				LastUpgradeCheck = 1420;
				TargetAttributes = {
					3A941BC52A7E24C800ED9823 = {
						CreatedOnToolsVersion = 14.2;
					};
				};
			};
			buildConfigurationList = 3A941BC12A7E24C800ED9823 /* Build configuration list for PBXProject "Login" */;
			compatibilityVersion = "Xcode 14.0";
			developmentRegion = en;
			hasScannedForEncodings = 0;
			knownRegions = (
				en,
				Base,
			);
			mainGroup = 3A941BBD2A7E24C800ED9823;
			productRefGroup = 3A941BC72A7E24C800ED9823 /* Products */;
			projectDirPath = "";
			projectRoot = "";
			targets = (
				3A941BC52A7E24C800ED9823 /* Login */,
			);
		};
/* End PBXProject section */

/* Begin PBXResourcesBuildPhase section */
		3A941BC42A7E24C800ED9823 /* Resources */ = {
			isa = PBXResourcesBuildPhase;
			buildActionMask = 2147483647;
			files = (
				3A941BD92A7E24CA00ED9823 /* LaunchScreen.storyboard in Resources */,
				3A941BD62A7E24CA00ED9823 /* Assets.xcassets in Resources */,
				3A941BD12A7E24C800ED9823 /* Main.storyboard in Resources */,
			);
			runOnlyForDeploymentPostprocessing = 0;
		};
/* End PBXResourcesBuildPhase section */

/* Begin PBXSourcesBuildPhase section */
		3A941BC22A7E24C800ED9823 /* Sources */ = {
			isa = PBXSourcesBuildPhase;
			buildActionMask = 2147483647;
			files = (
				3A941BCE2A7E24C800ED9823 /* LoginViewController.swift in Sources */,
				3A941BE12A7E2A2F00ED9823 /* WelcomeViewController.swift in Sources */,
				3A941BCA2A7E24C800ED9823 /* AppDelegate.swift in Sources */,
				3A941BCC2A7E24C800ED9823 /* SceneDelegate.swift in Sources */,
				3A02C7292A840AAD00A7FF21 /* User.swift in Sources */,
				3A0C13882A82BD5500DB6EA8 /* PhotoViewController.swift in Sources */,
				3A0C13862A82BD3500DB6EA8 /* PersonalViewController.swift in Sources */,
				3A941BD42A7E24C800ED9823 /* Login.xcdatamodeld in Sources */,
			);
			runOnlyForDeploymentPostprocessing = 0;
		};
/* End PBXSourcesBuildPhase section */

/* Begin PBXVariantGroup section */
		3A941BCF2A7E24C800ED9823 /* Main.storyboard */ = {
			isa = PBXVariantGroup;
			children = (
				3A941BD02A7E24C800ED9823 /* Base */,
			);
			name = Main.storyboard;
			sourceTree = "<group>";
		};
		3A941BD72A7E24CA00ED9823 /* LaunchScreen.storyboard */ = {
			isa = PBXVariantGroup;
			children = (
				3A941BD82A7E24CA00ED9823 /* Base */,
			);
			name = LaunchScreen.storyboard;
			sourceTree = "<group>";
		};
/* End PBXVariantGroup section */

/* Begin XCBuildConfiguration section */
		3A941BDB2A7E24CA00ED9823 /* Debug */ = {
			isa = XCBuildConfiguration;
			buildSettings = {
				ALWAYS_SEARCH_USER_PATHS = NO;
				CLANG_ANALYZER_NONNULL = YES;
				CLANG_ANALYZER_NUMBER_OBJECT_CONVERSION = YES_AGGRESSIVE;
				CLANG_CXX_LANGUAGE_STANDARD = "gnu++20";
				CLANG_ENABLE_MODULES = YES;
				CLANG_ENABLE_OBJC_ARC = YES;
				CLANG_ENABLE_OBJC_WEAK = YES;
				CLANG_WARN_BLOCK_CAPTURE_AUTORELEASING = YES;
				CLANG_WARN_BOOL_CONVERSION = YES;
				CLANG_WARN_COMMA = YES;
				CLANG_WARN_CONSTANT_CONVERSION = YES;
				CLANG_WARN_DEPRECATED_OBJC_IMPLEMENTATIONS = YES;
				CLANG_WARN_DIRECT_OBJC_ISA_USAGE = YES_ERROR;
				CLANG_WARN_DOCUMENTATION_COMMENTS = YES;
				CLANG_WARN_EMPTY_BODY = YES;
				CLANG_WARN_ENUM_CONVERSION = YES;
				CLANG_WARN_INFINITE_RECURSION = YES;
				CLANG_WARN_INT_CONVERSION = YES;
				CLANG_WARN_NON_LITERAL_NULL_CONVERSION = YES;
				CLANG_WARN_OBJC_IMPLICIT_RETAIN_SELF = YES;
				CLANG_WARN_OBJC_LITERAL_CONVERSION = YES;
				CLANG_WARN_OBJC_ROOT_CLASS = YES_ERROR;
				CLANG_WARN_QUOTED_INCLUDE_IN_FRAMEWORK_HEADER = YES;
				CLANG_WARN_RANGE_LOOP_ANALYSIS = YES;
				CLANG_WARN_STRICT_PROTOTYPES = YES;
				CLANG_WARN_SUSPICIOUS_MOVE = YES;
				CLANG_WARN_UNGUARDED_AVAILABILITY = YES_AGGRESSIVE;
				CLANG_WARN_UNREACHABLE_CODE = YES;
				CLANG_WARN__DUPLICATE_METHOD_MATCH = YES;
				COPY_PHASE_STRIP = NO;
				DEBUG_INFORMATION_FORMAT = dwarf;
				ENABLE_STRICT_OBJC_MSGSEND = YES;
				ENABLE_TESTABILITY = YES;
				GCC_C_LANGUAGE_STANDARD = gnu11;
				GCC_DYNAMIC_NO_PIC = NO;
				GCC_NO_COMMON_BLOCKS = YES;
				GCC_OPTIMIZATION_LEVEL = 0;
				GCC_PREPROCESSOR_DEFINITIONS = (
					"DEBUG=1",
					"$(inherited)",
				);
				GCC_WARN_64_TO_32_BIT_CONVERSION = YES;
				GCC_WARN_ABOUT_RETURN_TYPE = YES_ERROR;
				GCC_WARN_UNDECLARED_SELECTOR = YES;
				GCC_WARN_UNINITIALIZED_AUTOS = YES_AGGRESSIVE;
				GCC_WARN_UNUSED_FUNCTION = YES;
				GCC_WARN_UNUSED_VARIABLE = YES;
				IPHONEOS_DEPLOYMENT_TARGET = 16.2;
				MTL_ENABLE_DEBUG_INFO = INCLUDE_SOURCE;
				MTL_FAST_MATH = YES;
				ONLY_ACTIVE_ARCH = YES;
				SDKROOT = iphoneos;
				SWIFT_ACTIVE_COMPILATION_CONDITIONS = DEBUG;
				SWIFT_OPTIMIZATION_LEVEL = "-Onone";
			};
			name = Debug;
		};
		3A941BDC2A7E24CA00ED9823 /* Release */ = {
			isa = XCBuildConfiguration;
			buildSettings = {
				ALWAYS_SEARCH_USER_PATHS = NO;
				CLANG_ANALYZER_NONNULL = YES;
				CLANG_ANALYZER_NUMBER_OBJECT_CONVERSION = YES_AGGRESSIVE;
				CLANG_CXX_LANGUAGE_STANDARD = "gnu++20";
				CLANG_ENABLE_MODULES = YES;
				CLANG_ENABLE_OBJC_ARC = YES;
				CLANG_ENABLE_OBJC_WEAK = YES;
				CLANG_WARN_BLOCK_CAPTURE_AUTORELEASING = YES;
				CLANG_WARN_BOOL_CONVERSION = YES;
				CLANG_WARN_COMMA = YES;
				CLANG_WARN_CONSTANT_CONVERSION = YES;
				CLANG_WARN_DEPRECATED_OBJC_IMPLEMENTATIONS = YES;
				CLANG_WARN_DIRECT_OBJC_ISA_USAGE = YES_ERROR;
				CLANG_WARN_DOCUMENTATION_COMMENTS = YES;
				CLANG_WARN_EMPTY_BODY = YES;
				CLANG_WARN_ENUM_CONVERSION = YES;
				CLANG_WARN_INFINITE_RECURSION = YES;
				CLANG_WARN_INT_CONVERSION = YES;
				CLANG_WARN_NON_LITERAL_NULL_CONVERSION = YES;
				CLANG_WARN_OBJC_IMPLICIT_RETAIN_SELF = YES;
				CLANG_WARN_OBJC_LITERAL_CONVERSION = YES;
				CLANG_WARN_OBJC_ROOT_CLASS = YES_ERROR;
				CLANG_WARN_QUOTED_INCLUDE_IN_FRAMEWORK_HEADER = YES;
				CLANG_WARN_RANGE_LOOP_ANALYSIS = YES;
				CLANG_WARN_STRICT_PROTOTYPES = YES;
				CLANG_WARN_SUSPICIOUS_MOVE = YES;
				CLANG_WARN_UNGUARDED_AVAILABILITY = YES_AGGRESSIVE;
				CLANG_WARN_UNREACHABLE_CODE = YES;
				CLANG_WARN__DUPLICATE_METHOD_MATCH = YES;
				COPY_PHASE_STRIP = NO;
				DEBUG_INFORMATION_FORMAT = "dwarf-with-dsym";
				ENABLE_NS_ASSERTIONS = NO;
				ENABLE_STRICT_OBJC_MSGSEND = YES;
				GCC_C_LANGUAGE_STANDARD = gnu11;
				GCC_NO_COMMON_BLOCKS = YES;
				GCC_WARN_64_TO_32_BIT_CONVERSION = YES;
				GCC_WARN_ABOUT_RETURN_TYPE = YES_ERROR;
				GCC_WARN_UNDECLARED_SELECTOR = YES;
				GCC_WARN_UNINITIALIZED_AUTOS = YES_AGGRESSIVE;
				GCC_WARN_UNUSED_FUNCTION = YES;
				GCC_WARN_UNUSED_VARIABLE = YES;
				IPHONEOS_DEPLOYMENT_TARGET = 16.2;
				MTL_ENABLE_DEBUG_INFO = NO;
				MTL_FAST_MATH = YES;
				SDKROOT = iphoneos;
				SWIFT_COMPILATION_MODE = wholemodule;
				SWIFT_OPTIMIZATION_LEVEL = "-O";
				VALIDATE_PRODUCT = YES;
			};
			name = Release;
		};
		3A941BDE2A7E24CA00ED9823 /* Debug */ = {
			isa = XCBuildConfiguration;
			buildSettings = {
				ASSETCATALOG_COMPILER_APPICON_NAME = AppIcon;
				ASSETCATALOG_COMPILER_GLOBAL_ACCENT_COLOR_NAME = AccentColor;
				CODE_SIGN_STYLE = Automatic;
				CURRENT_PROJECT_VERSION = 1;
				DEVELOPMENT_TEAM = D58R775U6Q;
				GENERATE_INFOPLIST_FILE = YES;
				INFOPLIST_FILE = Login/Info.plist;
				INFOPLIST_KEY_UIApplicationSupportsIndirectInputEvents = YES;
				INFOPLIST_KEY_UILaunchStoryboardName = LaunchScreen;
				INFOPLIST_KEY_UIMainStoryboardFile = Main;
				INFOPLIST_KEY_UISupportedInterfaceOrientations_iPad = "UIInterfaceOrientationPortrait UIInterfaceOrientationPortraitUpsideDown UIInterfaceOrientationLandscapeLeft UIInterfaceOrientationLandscapeRight";
				INFOPLIST_KEY_UISupportedInterfaceOrientations_iPhone = "UIInterfaceOrientationPortrait UIInterfaceOrientationLandscapeLeft UIInterfaceOrientationLandscapeRight";
				LD_RUNPATH_SEARCH_PATHS = (
					"$(inherited)",
					"@executable_path/Frameworks",
				);
				MARKETING_VERSION = 1.0;
				PRODUCT_BUNDLE_IDENTIFIER = AntonAkhmedzyanov.Login;
				PRODUCT_NAME = "$(TARGET_NAME)";
				SUPPORTED_PLATFORMS = "iphoneos iphonesimulator";
				SUPPORTS_MACCATALYST = NO;
				SUPPORTS_MAC_DESIGNED_FOR_IPHONE_IPAD = NO;
				SWIFT_EMIT_LOC_STRINGS = YES;
				SWIFT_VERSION = 5.0;
				TARGETED_DEVICE_FAMILY = "1,2";
			};
			name = Debug;
		};
		3A941BDF2A7E24CA00ED9823 /* Release */ = {
			isa = XCBuildConfiguration;
			buildSettings = {
				ASSETCATALOG_COMPILER_APPICON_NAME = AppIcon;
				ASSETCATALOG_COMPILER_GLOBAL_ACCENT_COLOR_NAME = AccentColor;
				CODE_SIGN_STYLE = Automatic;
				CURRENT_PROJECT_VERSION = 1;
				DEVELOPMENT_TEAM = D58R775U6Q;
				GENERATE_INFOPLIST_FILE = YES;
				INFOPLIST_FILE = Login/Info.plist;
				INFOPLIST_KEY_UIApplicationSupportsIndirectInputEvents = YES;
				INFOPLIST_KEY_UILaunchStoryboardName = LaunchScreen;
				INFOPLIST_KEY_UIMainStoryboardFile = Main;
				INFOPLIST_KEY_UISupportedInterfaceOrientations_iPad = "UIInterfaceOrientationPortrait UIInterfaceOrientationPortraitUpsideDown UIInterfaceOrientationLandscapeLeft UIInterfaceOrientationLandscapeRight";
				INFOPLIST_KEY_UISupportedInterfaceOrientations_iPhone = "UIInterfaceOrientationPortrait UIInterfaceOrientationLandscapeLeft UIInterfaceOrientationLandscapeRight";
				LD_RUNPATH_SEARCH_PATHS = (
					"$(inherited)",
					"@executable_path/Frameworks",
				);
				MARKETING_VERSION = 1.0;
				PRODUCT_BUNDLE_IDENTIFIER = AntonAkhmedzyanov.Login;
				PRODUCT_NAME = "$(TARGET_NAME)";
				SUPPORTED_PLATFORMS = "iphoneos iphonesimulator";
				SUPPORTS_MACCATALYST = NO;
				SUPPORTS_MAC_DESIGNED_FOR_IPHONE_IPAD = NO;
				SWIFT_EMIT_LOC_STRINGS = YES;
				SWIFT_VERSION = 5.0;
				TARGETED_DEVICE_FAMILY = "1,2";
			};
			name = Release;
		};
/* End XCBuildConfiguration section */

/* Begin XCConfigurationList section */
		3A941BC12A7E24C800ED9823 /* Build configuration list for PBXProject "Login" */ = {
			isa = XCConfigurationList;
			buildConfigurations = (
				3A941BDB2A7E24CA00ED9823 /* Debug */,
				3A941BDC2A7E24CA00ED9823 /* Release */,
			);
			defaultConfigurationIsVisible = 0;
			defaultConfigurationName = Release;
		};
		3A941BDD2A7E24CA00ED9823 /* Build configuration list for PBXNativeTarget "Login" */ = {
			isa = XCConfigurationList;
			buildConfigurations = (
				3A941BDE2A7E24CA00ED9823 /* Debug */,
				3A941BDF2A7E24CA00ED9823 /* Release */,
			);
			defaultConfigurationIsVisible = 0;
			defaultConfigurationName = Release;
		};
/* End XCConfigurationList section */

/* Begin XCVersionGroup section */
		3A941BD22A7E24C800ED9823 /* Login.xcdatamodeld */ = {
			isa = XCVersionGroup;
			children = (
				3A941BD32A7E24C800ED9823 /* Login.xcdatamodel */,
			);
			currentVersion = 3A941BD32A7E24C800ED9823 /* Login.xcdatamodel */;
			path = Login.xcdatamodeld;
			sourceTree = "<group>";
			versionGroupType = wrapper.xcdatamodel;
		};
/* End XCVersionGroup section */
	};
	rootObject = 3A941BBE2A7E24C800ED9823 /* Project object */;
}
